
Microsoft Visual Studio Solution File, Format Version 12.00
# Visual Studio Version 17
VisualStudioVersion = 17.13.35931.197
MinimumVisualStudioVersion = 10.0.40219.1
Project("{FAE04EC0-301F-11D3-BF4B-00C04F79EFBC}") = "HireCraft.Backend", "HireCraft.Backend.csproj", "{D40BA3AD-0EAC-4E8F-9ECE-55F4B33519A5}"
EndProject
Project("{E24C65DC-7377-472B-9ABA-BC803B73C61A}") = "HireCraft.Frontend", "..\HireCraft.Frontend\", "{728B4A7F-95B6-0539-217A-E1F597345C61}"
	ProjectSection(WebsiteProperties) = preProject
		TargetFrameworkMoniker = ".NETFramework,Version%3Dv4.0"
		Debug.AspNetCompiler.VirtualPath = "/localhost_55218"
		Debug.AspNetCompiler.PhysicalPath = "..\HireCraft.Frontend\"
		Debug.AspNetCompiler.TargetPath = "PrecompiledWeb\localhost_55218\"
		Debug.AspNetCompiler.Updateable = "true"
		Debug.AspNetCompiler.ForceOverwrite = "true"
		Debug.AspNetCompiler.FixedNames = "false"
		Debug.AspNetCompiler.Debug = "True"
		Release.AspNetCompiler.VirtualPath = "/localhost_55218"
		Release.AspNetCompiler.PhysicalPath = "..\HireCraft.Frontend\"
		Release.AspNetCompiler.TargetPath = "PrecompiledWeb\localhost_55218\"
		Release.AspNetCompiler.Updateable = "true"
		Release.AspNetCompiler.ForceOverwrite = "true"
		Release.AspNetCompiler.FixedNames = "false"
		Release.AspNetCompiler.Debug = "False"
		VWDPort = "55218"
		SlnRelativePath = "..\HireCraft.Frontend\"
	EndProjectSection
EndProject
Global
	GlobalSection(SolutionConfigurationPlatforms) = preSolution
		Debug|Any CPU = Debug|Any CPU
		Release|Any CPU = Release|Any CPU
	EndGlobalSection
	GlobalSection(ProjectConfigurationPlatforms) = postSolution
		{D40BA3AD-0EAC-4E8F-9ECE-55F4B33519A5}.Debug|Any CPU.ActiveCfg = Debug|Any CPU
		{D40BA3AD-0EAC-4E8F-9ECE-55F4B33519A5}.Debug|Any CPU.Build.0 = Debug|Any CPU
		{D40BA3AD-0EAC-4E8F-9ECE-55F4B33519A5}.Release|Any CPU.ActiveCfg = Release|Any CPU
		{D40BA3AD-0EAC-4E8F-9ECE-55F4B33519A5}.Release|Any CPU.Build.0 = Release|Any CPU
		{728B4A7F-95B6-0539-217A-E1F597345C61}.Debug|Any CPU.ActiveCfg = Debug|Any CPU
		{728B4A7F-95B6-0539-217A-E1F597345C61}.Debug|Any CPU.Build.0 = Debug|Any CPU
		{728B4A7F-95B6-0539-217A-E1F597345C61}.Release|Any CPU.ActiveCfg = Debug|Any CPU
		{728B4A7F-95B6-0539-217A-E1F597345C61}.Release|Any CPU.Build.0 = Debug|Any CPU
	EndGlobalSection
	GlobalSection(SolutionProperties) = preSolution
		HideSolutionNode = FALSE
	EndGlobalSection
	GlobalSection(ExtensibilityGlobals) = postSolution
		SolutionGuid = {03C4642C-46E0-4DFD-A84B-C7993A174748}
	EndGlobalSection
EndGlobal
